
Microsoft Visual Studio Solution File, Format Version 12.00
# Visual Studio Version 17
VisualStudioVersion = 17.3.32929.385
MinimumVisualStudioVersion = 10.0.40219.1
Project("{9A19103F-16F7-4668-BE54-9A1E7A4F7556}") = "Sherlock's Eyes", "Sherlock's Eyes\Sherlock's Eyes.csproj", "{B7857819-249E-4A78-866A-ACF63D0E6FCE}"
EndProject
Project("{9A19103F-16F7-4668-BE54-9A1E7A4F7556}") = "ManagedWifi", "ManagedWifi\ManagedWifi.csproj", "{33642EAD-90CE-4428-8C73-59E36FB4193E}"
EndProject
Global
	GlobalSection(SolutionConfigurationPlatforms) = preSolution
		Debug|Any CPU = Debug|Any CPU
		Release|Any CPU = Release|Any CPU
	EndGlobalSection
	GlobalSection(ProjectConfigurationPlatforms) = postSolution
		{B7857819-249E-4A78-866A-ACF63D0E6FCE}.Debug|Any CPU.ActiveCfg = Debug|Any CPU
		{B7857819-249E-4A78-866A-ACF63D0E6FCE}.Debug|Any CPU.Build.0 = Debug|Any CPU
		{B7857819-249E-4A78-866A-ACF63D0E6FCE}.Release|Any CPU.ActiveCfg = Release|Any CPU
		{B7857819-249E-4A78-866A-ACF63D0E6FCE}.Release|Any CPU.Build.0 = Release|Any CPU
		{33642EAD-90CE-4428-8C73-59E36FB4193E}.Debug|Any CPU.ActiveCfg = Debug|Any CPU
		{33642EAD-90CE-4428-8C73-59E36FB4193E}.Debug|Any CPU.Build.0 = Debug|Any CPU
		{33642EAD-90CE-4428-8C73-59E36FB4193E}.Release|Any CPU.ActiveCfg = Release|Any CPU
		{33642EAD-90CE-4428-8C73-59E36FB4193E}.Release|Any CPU.Build.0 = Release|Any CPU
	EndGlobalSection
	GlobalSection(SolutionProperties) = preSolution
		HideSolutionNode = FALSE
	EndGlobalSection
	GlobalSection(ExtensibilityGlobals) = postSolution
		SolutionGuid = {BF164860-1D6E-4E11-ACA7-421F7AA3DB6A}
	EndGlobalSection
EndGlobal
